Microsoft Visual Studio Solution File, Format Version 12.00
# Visual Studio Version 17
VisualStudioVersion = 17.0.31903.59
MinimumVisualStudioVersion = 10.0.40219.1
Project("{9A19103F-16F7-4668-BE54-9A1E7A4F7556}") = "FileSystemAnalyzer.Core", "src\FileSystemAnalyzer.Core\FileSystemAnalyzer.Core.csproj", "{E90D17F9-B77A-484F-9659-2D47176537EB}"
EndProject
Project("{9A19103F-16F7-4668-BE54-9A1E7A4F7556}") = "FileSystemAnalyzer.UI", "src\FileSystemAnalyzer.UI\FileSystemAnalyzer.UI.csproj", "{9FC9FC63-D6F4-443D-A135-E335C334460F}"
EndProject
Project("{9A19103F-16F7-4668-BE54-9A1E7A4F7556}") = "FileSystemAnalyzer.Tests", "src\FileSystemAnalyzer.Tests\FileSystemAnalyzer.Tests.csproj", "{8D3E6E72-3935-40AF-9139-E0F4CA5EA968}"
EndProject
Global
	GlobalSection(SolutionConfigurationPlatforms) = preSolution
		Debug|Any CPU = Debug|Any CPU
		Release|Any CPU = Release|Any CPU
	EndGlobalSection
	GlobalSection(ProjectConfigurationPlatforms) = postSolution
		{E90D17F9-B77A-484F-9659-2D47176537EB}.Debug|Any CPU.ActiveCfg = Debug|Any CPU
		{E90D17F9-B77A-484F-9659-2D47176537EB}.Debug|Any CPU.Build.0 = Debug|Any CPU
		{E90D17F9-B77A-484F-9659-2D47176537EB}.Release|Any CPU.ActiveCfg = Release|Any CPU
		{E90D17F9-B77A-484F-9659-2D47176537EB}.Release|Any CPU.Build.0 = Release|Any CPU
		{9FC9FC63-D6F4-443D-A135-E335C334460F}.Debug|Any CPU.ActiveCfg = Debug|Any CPU
		{9FC9FC63-D6F4-443D-A135-E335C334460F}.Debug|Any CPU.Build.0 = Debug|Any CPU
		{9FC9FC63-D6F4-443D-A135-E335C334460F}.Release|Any CPU.ActiveCfg = Release|Any CPU
		{9FC9FC63-D6F4-443D-A135-E335C334460F}.Release|Any CPU.Build.0 = Release|Any CPU
		{8D3E6E72-3935-40AF-9139-E0F4CA5EA968}.Debug|Any CPU.ActiveCfg = Debug|Any CPU
		{8D3E6E72-3935-40AF-9139-E0F4CA5EA968}.Debug|Any CPU.Build.0 = Debug|Any CPU
		{8D3E6E72-3935-40AF-9139-E0F4CA5EA968}.Release|Any CPU.ActiveCfg = Release|Any CPU
		{8D3E6E72-3935-40AF-9139-E0F4CA5EA968}.Release|Any CPU.Build.0 = Release|Any CPU
	EndGlobalSection
	GlobalSection(SolutionProperties) = preSolution
		HideSolutionNode = FALSE
	EndGlobalSection
EndGlobal
